
Microsoft Visual Studio Solution File, Format Version 12.00
# Visual Studio Version 16
VisualStudioVersion = 16.0.30907.101
MinimumVisualStudioVersion = 10.0.40219.1
Project("{9A19103F-16F7-4668-BE54-9A1E7A4F7556}") = "RAMApi", "RAMApi\RAMApi.csproj", "{9FE70D57-E705-47AB-94F9-FD083EDA4575}"
EndProject
Project("{00D1A9C2-B5F0-4AF3-8072-F6C62B433612}") = "RAMData", "RAMData\RAMData.sqlproj", "{81CE8250-B850-4EFC-A389-ED21387EA364}"
EndProject
Project("{9A19103F-16F7-4668-BE54-9A1E7A4F7556}") = "RAMDesktopUI", "RAMDesktopUI\RAMDesktopUI.csproj", "{C328EB66-01A2-48ED-BA1C-12714BB05EAE}"
EndProject
Project("{9A19103F-16F7-4668-BE54-9A1E7A4F7556}") = "RAMDesktopUI.Library", "RAMDesktopUI.Library\RAMDesktopUI.Library.csproj", "{B43BC3F7-9241-458F-882A-9C9EB8CC7928}"
EndProject
Project("{9A19103F-16F7-4668-BE54-9A1E7A4F7556}") = "RAMApi.Library", "RAMApi.Library\RAMApi.Library.csproj", "{C252A62D-ED4F-44F5-8BAE-537F84CF00ED}"
EndProject
Project("{2150E333-8FDC-42A3-9474-1A3956D46DE8}") = "Api", "Api", "{3A7C37CC-6C14-44DF-B2C7-18F200E171AF}"
EndProject
Project("{2150E333-8FDC-42A3-9474-1A3956D46DE8}") = "Database", "Database", "{69B7381F-CEE5-40C4-BA86-03548B6EFC18}"
EndProject
Project("{2150E333-8FDC-42A3-9474-1A3956D46DE8}") = "WPF", "WPF", "{2912DFCD-32BE-4A1B-940B-2900767CA196}"
EndProject
Project("{9A19103F-16F7-4668-BE54-9A1E7A4F7556}") = "RAMApi.Utilities", "RAMApi.Utilities\RAMApi.Utilities.csproj", "{C430D4DC-423A-4D0D-98A4-88CBDEFFBE8F}"
EndProject
Project("{FAE04EC0-301F-11D3-BF4B-00C04F79EFBC}") = "RAMDesktopUI.Utilities", "RAMDesktopUI.Utilities\RAMDesktopUI.Utilities.csproj", "{FE1C58E2-A1B2-4BD9-A73F-200E52E44642}"
EndProject
Global
	GlobalSection(SolutionConfigurationPlatforms) = preSolution
		Debug|Any CPU = Debug|Any CPU
		Release|Any CPU = Release|Any CPU
	EndGlobalSection
	GlobalSection(ProjectConfigurationPlatforms) = postSolution
		{9FE70D57-E705-47AB-94F9-FD083EDA4575}.Debug|Any CPU.ActiveCfg = Debug|Any CPU
		{9FE70D57-E705-47AB-94F9-FD083EDA4575}.Debug|Any CPU.Build.0 = Debug|Any CPU
		{9FE70D57-E705-47AB-94F9-FD083EDA4575}.Release|Any CPU.ActiveCfg = Release|Any CPU
		{9FE70D57-E705-47AB-94F9-FD083EDA4575}.Release|Any CPU.Build.0 = Release|Any CPU
		{81CE8250-B850-4EFC-A389-ED21387EA364}.Debug|Any CPU.ActiveCfg = Debug|Any CPU
		{81CE8250-B850-4EFC-A389-ED21387EA364}.Debug|Any CPU.Build.0 = Debug|Any CPU
		{81CE8250-B850-4EFC-A389-ED21387EA364}.Debug|Any CPU.Deploy.0 = Debug|Any CPU
		{81CE8250-B850-4EFC-A389-ED21387EA364}.Release|Any CPU.ActiveCfg = Release|Any CPU
		{81CE8250-B850-4EFC-A389-ED21387EA364}.Release|Any CPU.Build.0 = Release|Any CPU
		{81CE8250-B850-4EFC-A389-ED21387EA364}.Release|Any CPU.Deploy.0 = Release|Any CPU
		{C328EB66-01A2-48ED-BA1C-12714BB05EAE}.Debug|Any CPU.ActiveCfg = Debug|Any CPU
		{C328EB66-01A2-48ED-BA1C-12714BB05EAE}.Debug|Any CPU.Build.0 = Debug|Any CPU
		{C328EB66-01A2-48ED-BA1C-12714BB05EAE}.Release|Any CPU.ActiveCfg = Release|Any CPU
		{C328EB66-01A2-48ED-BA1C-12714BB05EAE}.Release|Any CPU.Build.0 = Release|Any CPU
		{B43BC3F7-9241-458F-882A-9C9EB8CC7928}.Debug|Any CPU.ActiveCfg = Debug|Any CPU
		{B43BC3F7-9241-458F-882A-9C9EB8CC7928}.Debug|Any CPU.Build.0 = Debug|Any CPU
		{B43BC3F7-9241-458F-882A-9C9EB8CC7928}.Release|Any CPU.ActiveCfg = Release|Any CPU
		{B43BC3F7-9241-458F-882A-9C9EB8CC7928}.Release|Any CPU.Build.0 = Release|Any CPU
		{C252A62D-ED4F-44F5-8BAE-537F84CF00ED}.Debug|Any CPU.ActiveCfg = Debug|Any CPU
		{C252A62D-ED4F-44F5-8BAE-537F84CF00ED}.Debug|Any CPU.Build.0 = Debug|Any CPU
		{C252A62D-ED4F-44F5-8BAE-537F84CF00ED}.Release|Any CPU.ActiveCfg = Release|Any CPU
		{C252A62D-ED4F-44F5-8BAE-537F84CF00ED}.Release|Any CPU.Build.0 = Release|Any CPU
		{C430D4DC-423A-4D0D-98A4-88CBDEFFBE8F}.Debug|Any CPU.ActiveCfg = Debug|Any CPU
		{C430D4DC-423A-4D0D-98A4-88CBDEFFBE8F}.Debug|Any CPU.Build.0 = Debug|Any CPU
		{C430D4DC-423A-4D0D-98A4-88CBDEFFBE8F}.Release|Any CPU.ActiveCfg = Release|Any CPU
		{C430D4DC-423A-4D0D-98A4-88CBDEFFBE8F}.Release|Any CPU.Build.0 = Release|Any CPU
		{FE1C58E2-A1B2-4BD9-A73F-200E52E44642}.Debug|Any CPU.ActiveCfg = Debug|Any CPU
		{FE1C58E2-A1B2-4BD9-A73F-200E52E44642}.Debug|Any CPU.Build.0 = Debug|Any CPU
		{FE1C58E2-A1B2-4BD9-A73F-200E52E44642}.Release|Any CPU.ActiveCfg = Release|Any CPU
		{FE1C58E2-A1B2-4BD9-A73F-200E52E44642}.Release|Any CPU.Build.0 = Release|Any CPU
	EndGlobalSection
	GlobalSection(SolutionProperties) = preSolution
		HideSolutionNode = FALSE
	EndGlobalSection
	GlobalSection(NestedProjects) = preSolution
		{9FE70D57-E705-47AB-94F9-FD083EDA4575} = {3A7C37CC-6C14-44DF-B2C7-18F200E171AF}
		{81CE8250-B850-4EFC-A389-ED21387EA364} = {69B7381F-CEE5-40C4-BA86-03548B6EFC18}
		{C328EB66-01A2-48ED-BA1C-12714BB05EAE} = {2912DFCD-32BE-4A1B-940B-2900767CA196}
		{B43BC3F7-9241-458F-882A-9C9EB8CC7928} = {2912DFCD-32BE-4A1B-940B-2900767CA196}
		{C252A62D-ED4F-44F5-8BAE-537F84CF00ED} = {3A7C37CC-6C14-44DF-B2C7-18F200E171AF}
		{C430D4DC-423A-4D0D-98A4-88CBDEFFBE8F} = {3A7C37CC-6C14-44DF-B2C7-18F200E171AF}
		{FE1C58E2-A1B2-4BD9-A73F-200E52E44642} = {2912DFCD-32BE-4A1B-940B-2900767CA196}
	EndGlobalSection
	GlobalSection(ExtensibilityGlobals) = postSolution
		SolutionGuid = {E128CFB4-588A-4110-95EB-A1D61AC194DD}
	EndGlobalSection
EndGlobal
