
Microsoft Visual Studio Solution File, Format Version 12.00
# Visual Studio Version 16
VisualStudioVersion = 16.0.30907.101
MinimumVisualStudioVersion = 10.0.40219.1
Project("{FAE04EC0-301F-11D3-BF4B-00C04F79EFBC}") = "RAMApi", "RAMApi\RAMApi.csproj", "{9FE70D57-E705-47AB-94F9-FD083EDA4575}"
EndProject
Project("{00D1A9C2-B5F0-4AF3-8072-F6C62B433612}") = "RAMData", "RAMData\RAMData.sqlproj", "{81CE8250-B850-4EFC-A389-ED21387EA364}"
EndProject
Project("{FAE04EC0-301F-11D3-BF4B-00C04F79EFBC}") = "RAMDesktopUI", "RAMDesktopUI\RAMDesktopUI.csproj", "{C328EB66-01A2-48ED-BA1C-12714BB05EAE}"
EndProject
Global
	GlobalSection(SolutionConfigurationPlatforms) = preSolution
		Debug|Any CPU = Debug|Any CPU
		Release|Any CPU = Release|Any CPU
	EndGlobalSection
	GlobalSection(ProjectConfigurationPlatforms) = postSolution
		{9FE70D57-E705-47AB-94F9-FD083EDA4575}.Debug|Any CPU.ActiveCfg = Debug|Any CPU
		{9FE70D57-E705-47AB-94F9-FD083EDA4575}.Debug|Any CPU.Build.0 = Debug|Any CPU
		{9FE70D57-E705-47AB-94F9-FD083EDA4575}.Release|Any CPU.ActiveCfg = Release|Any CPU
		{9FE70D57-E705-47AB-94F9-FD083EDA4575}.Release|Any CPU.Build.0 = Release|Any CPU
		{81CE8250-B850-4EFC-A389-ED21387EA364}.Debug|Any CPU.ActiveCfg = Debug|Any CPU
		{81CE8250-B850-4EFC-A389-ED21387EA364}.Debug|Any CPU.Build.0 = Debug|Any CPU
		{81CE8250-B850-4EFC-A389-ED21387EA364}.Debug|Any CPU.Deploy.0 = Debug|Any CPU
		{81CE8250-B850-4EFC-A389-ED21387EA364}.Release|Any CPU.ActiveCfg = Release|Any CPU
		{81CE8250-B850-4EFC-A389-ED21387EA364}.Release|Any CPU.Build.0 = Release|Any CPU
		{81CE8250-B850-4EFC-A389-ED21387EA364}.Release|Any CPU.Deploy.0 = Release|Any CPU
		{C328EB66-01A2-48ED-BA1C-12714BB05EAE}.Debug|Any CPU.ActiveCfg = Debug|Any CPU
		{C328EB66-01A2-48ED-BA1C-12714BB05EAE}.Debug|Any CPU.Build.0 = Debug|Any CPU
		{C328EB66-01A2-48ED-BA1C-12714BB05EAE}.Release|Any CPU.ActiveCfg = Release|Any CPU
		{C328EB66-01A2-48ED-BA1C-12714BB05EAE}.Release|Any CPU.Build.0 = Release|Any CPU
	EndGlobalSection
	GlobalSection(SolutionProperties) = preSolution
		HideSolutionNode = FALSE
	EndGlobalSection
	GlobalSection(ExtensibilityGlobals) = postSolution
		SolutionGuid = {E128CFB4-588A-4110-95EB-A1D61AC194DD}
	EndGlobalSection
EndGlobal
